// !$*UTF8*$!
{
	archiveVersion = 1;
	classes = {
	};
	objectVersion = 56;
	objects = {

/* Begin PBXBuildFile section */
		9137111C2B523F3600AF1B83 /* 수열과 구간 쿼리3.swift in Sources */ = {isa = PBXBuildFile; fileRef = 9137111B2B523F3600AF1B83 /* 수열과 구간 쿼리3.swift */; };
		C3020D232B2C956200C68DA3 /* 나머지 구하기.swift in Sources */ = {isa = PBXBuildFile; fileRef = C3020D222B2C956200C68DA3 /* 나머지 구하기.swift */; };
		C3141A8A2B54969D0017958D /* 카운트 업.swift in Sources */ = {isa = PBXBuildFile; fileRef = C3141A892B54969D0017958D /* 카운트 업.swift */; };
		C348B0482B3704F500CB9C43 /* 문자열 섞기.swift in Sources */ = {isa = PBXBuildFile; fileRef = C348B0472B3704F500CB9C43 /* 문자열 섞기.swift */; };
		C37ACF852B4B8AB300CECE4A /* 마지막 두 원소.swift in Sources */ = {isa = PBXBuildFile; fileRef = C37ACF842B4B8AB300CECE4A /* 마지막 두 원소.swift */; };
		C3E8FB462B26B387003A7333 /* main.swift in Sources */ = {isa = PBXBuildFile; fileRef = C3E8FB452B26B387003A7333 /* main.swift */; };
/* End PBXBuildFile section */

/* Begin PBXCopyFilesBuildPhase section */
		C3E8FB402B26B387003A7333 /* CopyFiles */ = {
			isa = PBXCopyFilesBuildPhase;
			buildActionMask = 2147483647;
			dstPath = /usr/share/man/man1/;
			dstSubfolderSpec = 0;
			files = (
			);
			runOnlyForDeploymentPostprocessing = 1;
		};
/* End PBXCopyFilesBuildPhase section */

/* Begin PBXFileReference section */
		9137111B2B523F3600AF1B83 /* 수열과 구간 쿼리3.swift */ = {isa = PBXFileReference; lastKnownFileType = sourcecode.swift; path = "수열과 구간 쿼리3.swift"; sourceTree = "<group>"; };
		91BE9D662B2EE362008520F5 /* 문자열 겹쳐쓰기.swift */ = {isa = PBXFileReference; lastKnownFileType = sourcecode.swift; path = "문자열 겹쳐쓰기.swift"; sourceTree = "<group>"; };
		91D1C0272B3D0BE000F3ED93 /* 공배수.swift */ = {isa = PBXFileReference; lastKnownFileType = sourcecode.swift; path = "공배수.swift"; sourceTree = "<group>"; };
		91D1C0292B3D0DFE00F3ED93 /* 정수부분.swift */ = {isa = PBXFileReference; lastKnownFileType = sourcecode.swift; path = "정수부분.swift"; sourceTree = "<group>"; };
		91D1C02B2B3D160D00F3ED93 /* n번째 원소까지.swift */ = {isa = PBXFileReference; lastKnownFileType = sourcecode.swift; path = "n번째 원소까지.swift"; sourceTree = "<group>"; };
		91D1C02D2B3D177D00F3ED93 /* flag에 따라 다른 값 반환하기.swift */ = {isa = PBXFileReference; lastKnownFileType = sourcecode.swift; path = "flag에 따라 다른 값 반환하기.swift"; sourceTree = "<group>"; };
		91D1C02F2B3D18A100F3ED93 /* 대문자로 바꾸기.swift */ = {isa = PBXFileReference; lastKnownFileType = sourcecode.swift; path = "대문자로 바꾸기.swift"; sourceTree = "<group>"; };
		C3020D222B2C956200C68DA3 /* 나머지 구하기.swift */ = {isa = PBXFileReference; lastKnownFileType = sourcecode.swift; path = "나머지 구하기.swift"; sourceTree = "<group>"; };
		C3141A892B54969D0017958D /* 카운트 업.swift */ = {isa = PBXFileReference; fileEncoding = 4; lastKnownFileType = sourcecode.swift; name = "카운트 업.swift"; path = "../../../../../../Library/Mobile Documents/.Trash/카운트 업.swift"; sourceTree = "<group>"; };
		C32C510C2B308F5300723B60 /* n의 배수.swift */ = {isa = PBXFileReference; lastKnownFileType = sourcecode.swift; path = "n의 배수.swift"; sourceTree = "<group>"; };
		C33C746D2B43A58A00830F00 /* 코드 처리하기.swift */ = {isa = PBXFileReference; lastKnownFileType = sourcecode.swift; path = "코드 처리하기.swift"; sourceTree = "<group>"; };
		C345923C2B4E640F00BDB2F2 /* 수 조작하기 2.swift */ = {isa = PBXFileReference; lastKnownFileType = sourcecode.swift; path = "수 조작하기 2.swift"; sourceTree = "<group>"; };
		C348B0472B3704F500CB9C43 /* 문자열 섞기.swift */ = {isa = PBXFileReference; lastKnownFileType = sourcecode.swift; path = "문자열 섞기.swift"; sourceTree = "<group>"; };
		C34C186E2B3EED2E00A062D2 /* 두 수의 곱.swift */ = {isa = PBXFileReference; lastKnownFileType = sourcecode.swift; path = "두 수의 곱.swift"; sourceTree = "<group>"; };
		C34C18702B3EEE2900A062D2 /* 각도기.swift */ = {isa = PBXFileReference; lastKnownFileType = sourcecode.swift; path = "각도기.swift"; sourceTree = "<group>"; };
		C34C18722B3EF0D200A062D2 /* 홀짝에 따라 다른 값 반환하기.swift */ = {isa = PBXFileReference; lastKnownFileType = sourcecode.swift; path = "홀짝에 따라 다른 값 반환하기.swift"; sourceTree = "<group>"; };
		C34C18742B3EF66E00A062D2 /* 조건 문자열.swift */ = {isa = PBXFileReference; lastKnownFileType = sourcecode.swift; path = "조건 문자열.swift"; sourceTree = "<group>"; };
		C36CE89A2B4A2BC4005C9EE0 /* 주사위게임 2.swift */ = {isa = PBXFileReference; lastKnownFileType = sourcecode.swift; path = "주사위게임 2.swift"; sourceTree = "<group>"; };
		C36CE89C2B4A2D84005C9EE0 /* 이어 붙인 수.swift */ = {isa = PBXFileReference; lastKnownFileType = sourcecode.swift; path = "이어 붙인 수.swift"; sourceTree = "<group>"; };
		C37ACF842B4B8AB300CECE4A /* 마지막 두 원소.swift */ = {isa = PBXFileReference; lastKnownFileType = sourcecode.swift; path = "마지막 두 원소.swift"; sourceTree = "<group>"; };
		C382B5572B26C2E80098934E /* 1000.swift */ = {isa = PBXFileReference; lastKnownFileType = sourcecode.swift; path = 1000.swift; sourceTree = "<group>"; };
		C382B55B2B26E1330098934E /* Day1-3.swift */ = {isa = PBXFileReference; lastKnownFileType = sourcecode.swift; path = "Day1-3.swift"; sourceTree = "<group>"; };
		C382B55D2B26FACF0098934E /* Day1-4.swift */ = {isa = PBXFileReference; lastKnownFileType = sourcecode.swift; path = "Day1-4.swift"; sourceTree = "<group>"; };
		C382B55F2B2705DA0098934E /* Day1-5.swift */ = {isa = PBXFileReference; lastKnownFileType = sourcecode.swift; path = "Day1-5.swift"; sourceTree = "<group>"; };
		C38F1AC62B46658B00BB38FB /* 등차수열의 특정한 항만 더하기.swift */ = {isa = PBXFileReference; lastKnownFileType = sourcecode.swift; path = "등차수열의 특정한 항만 더하기.swift"; sourceTree = "<group>"; };
		C3A7B06B2B3BA23700EF1641 /* 문자리스트 문자열로 반환하기.swift */ = {isa = PBXFileReference; lastKnownFileType = sourcecode.swift; path = "문자리스트 문자열로 반환하기.swift"; sourceTree = "<group>"; };
		C3A7B06D2B3BA49300EF1641 /* 문자열 곱하기.swift */ = {isa = PBXFileReference; lastKnownFileType = sourcecode.swift; path = "문자열 곱하기.swift"; sourceTree = "<group>"; };
		C3A7B06F2B3BAB1D00EF1641 /* 더 크게 합치기.swift */ = {isa = PBXFileReference; lastKnownFileType = sourcecode.swift; path = "더 크게 합치기.swift"; sourceTree = "<group>"; };
		C3A7B0712B3BC15100EF1641 /* 두 수의 연산값 비교하기.swift */ = {isa = PBXFileReference; lastKnownFileType = sourcecode.swift; path = "두 수의 연산값 비교하기.swift"; sourceTree = "<group>"; };
		C3B7EB672B4C738700C2580C /* 수 조작하기 1.swift */ = {isa = PBXFileReference; lastKnownFileType = sourcecode.swift; path = "수 조작하기 1.swift"; sourceTree = "<group>"; };
		C3E8FB422B26B387003A7333 /* CodingTest */ = {isa = PBXFileReference; explicitFileType = "compiled.mach-o.executable"; includeInIndex = 0; path = CodingTest; sourceTree = BUILT_PRODUCTS_DIR; };
		C3E8FB452B26B387003A7333 /* main.swift */ = {isa = PBXFileReference; lastKnownFileType = sourcecode.swift; path = main.swift; sourceTree = "<group>"; };
		C3E8FB4C2B26B3CF003A7333 /* 2557.swift */ = {isa = PBXFileReference; lastKnownFileType = sourcecode.swift; path = 2557.swift; sourceTree = "<group>"; };
		C3FD33052B43069600DAA934 /* 원소들의 곱과 합.swift */ = {isa = PBXFileReference; lastKnownFileType = sourcecode.swift; path = "원소들의 곱과 합.swift"; sourceTree = "<group>"; };
/* End PBXFileReference section */

/* Begin PBXFrameworksBuildPhase section */
		C3E8FB3F2B26B387003A7333 /* Frameworks */ = {
			isa = PBXFrameworksBuildPhase;
			buildActionMask = 2147483647;
			files = (
			);
			runOnlyForDeploymentPostprocessing = 0;
		};
/* End PBXFrameworksBuildPhase section */

/* Begin PBXGroup section */
		C382B5592B26E0D60098934E /* BaekJoon */ = {
			isa = PBXGroup;
			children = (
				C382B5572B26C2E80098934E /* 1000.swift */,
				C3E8FB4C2B26B3CF003A7333 /* 2557.swift */,
			);
			path = BaekJoon;
			sourceTree = "<group>";
		};
		C382B55A2B26E0F80098934E /* Programmers */ = {
			isa = PBXGroup;
			children = (
				91D1C02B2B3D160D00F3ED93 /* n번째 원소까지.swift */,
				91D1C0292B3D0DFE00F3ED93 /* 정수부분.swift */,
				91D1C0272B3D0BE000F3ED93 /* 공배수.swift */,
				C382B55B2B26E1330098934E /* Day1-3.swift */,
				C382B55D2B26FACF0098934E /* Day1-4.swift */,
				C382B55F2B2705DA0098934E /* Day1-5.swift */,
				C3020D222B2C956200C68DA3 /* 나머지 구하기.swift */,
				91BE9D662B2EE362008520F5 /* 문자열 겹쳐쓰기.swift */,
				C32C510C2B308F5300723B60 /* n의 배수.swift */,
				C348B0472B3704F500CB9C43 /* 문자열 섞기.swift */,
				C3A7B06F2B3BAB1D00EF1641 /* 더 크게 합치기.swift */,
				C3A7B06B2B3BA23700EF1641 /* 문자리스트 문자열로 반환하기.swift */,
				C3A7B06D2B3BA49300EF1641 /* 문자열 곱하기.swift */,
				C3A7B0712B3BC15100EF1641 /* 두 수의 연산값 비교하기.swift */,
				91D1C02D2B3D177D00F3ED93 /* flag에 따라 다른 값 반환하기.swift */,
				91D1C02F2B3D18A100F3ED93 /* 대문자로 바꾸기.swift */,
				C34C186E2B3EED2E00A062D2 /* 두 수의 곱.swift */,
				C34C18702B3EEE2900A062D2 /* 각도기.swift */,
				C34C18722B3EF0D200A062D2 /* 홀짝에 따라 다른 값 반환하기.swift */,
				C34C18742B3EF66E00A062D2 /* 조건 문자열.swift */,
				C3FD33052B43069600DAA934 /* 원소들의 곱과 합.swift */,
				C33C746D2B43A58A00830F00 /* 코드 처리하기.swift */,
				C38F1AC62B46658B00BB38FB /* 등차수열의 특정한 항만 더하기.swift */,
				C36CE89A2B4A2BC4005C9EE0 /* 주사위게임 2.swift */,
				C36CE89C2B4A2D84005C9EE0 /* 이어 붙인 수.swift */,
				C37ACF842B4B8AB300CECE4A /* 마지막 두 원소.swift */,
				C3B7EB672B4C738700C2580C /* 수 조작하기 1.swift */,
				C345923C2B4E640F00BDB2F2 /* 수 조작하기 2.swift */,
				9137111B2B523F3600AF1B83 /* 수열과 구간 쿼리3.swift */,
				C3141A892B54969D0017958D /* 카운트 업.swift */,
			);
			path = Programmers;
			sourceTree = "<group>";
		};
		C3E8FB392B26B387003A7333 = {
			isa = PBXGroup;
			children = (
				C3E8FB442B26B387003A7333 /* CodingTest */,
				C3E8FB432B26B387003A7333 /* Products */,
			);
			sourceTree = "<group>";
		};
		C3E8FB432B26B387003A7333 /* Products */ = {
			isa = PBXGroup;
			children = (
				C3E8FB422B26B387003A7333 /* CodingTest */,
			);
			name = Products;
			sourceTree = "<group>";
		};
		C3E8FB442B26B387003A7333 /* CodingTest */ = {
			isa = PBXGroup;
			children = (
				C3E8FB452B26B387003A7333 /* main.swift */,
				C382B55A2B26E0F80098934E /* Programmers */,
				C382B5592B26E0D60098934E /* BaekJoon */,
			);
			path = CodingTest;
			sourceTree = "<group>";
		};
/* End PBXGroup section */

/* Begin PBXNativeTarget section */
		C3E8FB412B26B387003A7333 /* CodingTest */ = {
			isa = PBXNativeTarget;
			buildConfigurationList = C3E8FB492B26B387003A7333 /* Build configuration list for PBXNativeTarget "CodingTest" */;
			buildPhases = (
				C3E8FB3E2B26B387003A7333 /* Sources */,
				C3E8FB3F2B26B387003A7333 /* Frameworks */,
				C3E8FB402B26B387003A7333 /* CopyFiles */,
			);
			buildRules = (
			);
			dependencies = (
			);
			name = CodingTest;
			productName = CodingTest;
			productReference = C3E8FB422B26B387003A7333 /* CodingTest */;
			productType = "com.apple.product-type.tool";
		};
/* End PBXNativeTarget section */

/* Begin PBXProject section */
		C3E8FB3A2B26B387003A7333 /* Project object */ = {
			isa = PBXProject;
			attributes = {
				BuildIndependentTargetsInParallel = 1;
				LastSwiftUpdateCheck = 1500;
				LastUpgradeCheck = 1500;
				TargetAttributes = {
					C3E8FB412B26B387003A7333 = {
						CreatedOnToolsVersion = 15.0.1;
					};
				};
			};
			buildConfigurationList = C3E8FB3D2B26B387003A7333 /* Build configuration list for PBXProject "CodingTest" */;
			compatibilityVersion = "Xcode 14.0";
			developmentRegion = en;
			hasScannedForEncodings = 0;
			knownRegions = (
				en,
				Base,
			);
			mainGroup = C3E8FB392B26B387003A7333;
			productRefGroup = C3E8FB432B26B387003A7333 /* Products */;
			projectDirPath = "";
			projectRoot = "";
			targets = (
				C3E8FB412B26B387003A7333 /* CodingTest */,
			);
		};
/* End PBXProject section */

/* Begin PBXSourcesBuildPhase section */
		C3E8FB3E2B26B387003A7333 /* Sources */ = {
			isa = PBXSourcesBuildPhase;
			buildActionMask = 2147483647;
			files = (
				C37ACF852B4B8AB300CECE4A /* 마지막 두 원소.swift in Sources */,
				9137111C2B523F3600AF1B83 /* 수열과 구간 쿼리3.swift in Sources */,
				C3E8FB462B26B387003A7333 /* main.swift in Sources */,
				C3141A8A2B54969D0017958D /* 카운트 업.swift in Sources */,
				C3020D232B2C956200C68DA3 /* 나머지 구하기.swift in Sources */,
				C348B0482B3704F500CB9C43 /* 문자열 섞기.swift in Sources */,
			);
			runOnlyForDeploymentPostprocessing = 0;
		};
/* End PBXSourcesBuildPhase section */

/* Begin XCBuildConfiguration section */
		C3E8FB472B26B387003A7333 /* Debug */ = {
			isa = XCBuildConfiguration;
			buildSettings = {
				ALWAYS_SEARCH_USER_PATHS = NO;
				ASSETCATALOG_COMPILER_GENERATE_SWIFT_ASSET_SYMBOL_EXTENSIONS = YES;
				CLANG_ANALYZER_NONNULL = YES;
				CLANG_ANALYZER_NUMBER_OBJECT_CONVERSION = YES_AGGRESSIVE;
				CLANG_CXX_LANGUAGE_STANDARD = "gnu++20";
				CLANG_ENABLE_MODULES = YES;
				CLANG_ENABLE_OBJC_ARC = YES;
				CLANG_ENABLE_OBJC_WEAK = YES;
				CLANG_WARN_BLOCK_CAPTURE_AUTORELEASING = YES;
				CLANG_WARN_BOOL_CONVERSION = YES;
				CLANG_WARN_COMMA = YES;
				CLANG_WARN_CONSTANT_CONVERSION = YES;
				CLANG_WARN_DEPRECATED_OBJC_IMPLEMENTATIONS = YES;
				CLANG_WARN_DIRECT_OBJC_ISA_USAGE = YES_ERROR;
				CLANG_WARN_DOCUMENTATION_COMMENTS = YES;
				CLANG_WARN_EMPTY_BODY = YES;
				CLANG_WARN_ENUM_CONVERSION = YES;
				CLANG_WARN_INFINITE_RECURSION = YES;
				CLANG_WARN_INT_CONVERSION = YES;
				CLANG_WARN_NON_LITERAL_NULL_CONVERSION = YES;
				CLANG_WARN_OBJC_IMPLICIT_RETAIN_SELF = YES;
				CLANG_WARN_OBJC_LITERAL_CONVERSION = YES;
				CLANG_WARN_OBJC_ROOT_CLASS = YES_ERROR;
				CLANG_WARN_QUOTED_INCLUDE_IN_FRAMEWORK_HEADER = YES;
				CLANG_WARN_RANGE_LOOP_ANALYSIS = YES;
				CLANG_WARN_STRICT_PROTOTYPES = YES;
				CLANG_WARN_SUSPICIOUS_MOVE = YES;
				CLANG_WARN_UNGUARDED_AVAILABILITY = YES_AGGRESSIVE;
				CLANG_WARN_UNREACHABLE_CODE = YES;
				CLANG_WARN__DUPLICATE_METHOD_MATCH = YES;
				COPY_PHASE_STRIP = NO;
				DEBUG_INFORMATION_FORMAT = dwarf;
				ENABLE_STRICT_OBJC_MSGSEND = YES;
				ENABLE_TESTABILITY = YES;
				ENABLE_USER_SCRIPT_SANDBOXING = YES;
				GCC_C_LANGUAGE_STANDARD = gnu17;
				GCC_DYNAMIC_NO_PIC = NO;
				GCC_NO_COMMON_BLOCKS = YES;
				GCC_OPTIMIZATION_LEVEL = 0;
				GCC_PREPROCESSOR_DEFINITIONS = (
					"DEBUG=1",
					"$(inherited)",
				);
				GCC_WARN_64_TO_32_BIT_CONVERSION = YES;
				GCC_WARN_ABOUT_RETURN_TYPE = YES_ERROR;
				GCC_WARN_UNDECLARED_SELECTOR = YES;
				GCC_WARN_UNINITIALIZED_AUTOS = YES_AGGRESSIVE;
				GCC_WARN_UNUSED_FUNCTION = YES;
				GCC_WARN_UNUSED_VARIABLE = YES;
				LOCALIZATION_PREFERS_STRING_CATALOGS = YES;
				MACOSX_DEPLOYMENT_TARGET = 14.0;
				MTL_ENABLE_DEBUG_INFO = INCLUDE_SOURCE;
				MTL_FAST_MATH = YES;
				ONLY_ACTIVE_ARCH = YES;
				SDKROOT = macosx;
				SWIFT_ACTIVE_COMPILATION_CONDITIONS = "DEBUG $(inherited)";
				SWIFT_OPTIMIZATION_LEVEL = "-Onone";
			};
			name = Debug;
		};
		C3E8FB482B26B387003A7333 /* Release */ = {
			isa = XCBuildConfiguration;
			buildSettings = {
				ALWAYS_SEARCH_USER_PATHS = NO;
				ASSETCATALOG_COMPILER_GENERATE_SWIFT_ASSET_SYMBOL_EXTENSIONS = YES;
				CLANG_ANALYZER_NONNULL = YES;
				CLANG_ANALYZER_NUMBER_OBJECT_CONVERSION = YES_AGGRESSIVE;
				CLANG_CXX_LANGUAGE_STANDARD = "gnu++20";
				CLANG_ENABLE_MODULES = YES;
				CLANG_ENABLE_OBJC_ARC = YES;
				CLANG_ENABLE_OBJC_WEAK = YES;
				CLANG_WARN_BLOCK_CAPTURE_AUTORELEASING = YES;
				CLANG_WARN_BOOL_CONVERSION = YES;
				CLANG_WARN_COMMA = YES;
				CLANG_WARN_CONSTANT_CONVERSION = YES;
				CLANG_WARN_DEPRECATED_OBJC_IMPLEMENTATIONS = YES;
				CLANG_WARN_DIRECT_OBJC_ISA_USAGE = YES_ERROR;
				CLANG_WARN_DOCUMENTATION_COMMENTS = YES;
				CLANG_WARN_EMPTY_BODY = YES;
				CLANG_WARN_ENUM_CONVERSION = YES;
				CLANG_WARN_INFINITE_RECURSION = YES;
				CLANG_WARN_INT_CONVERSION = YES;
				CLANG_WARN_NON_LITERAL_NULL_CONVERSION = YES;
				CLANG_WARN_OBJC_IMPLICIT_RETAIN_SELF = YES;
				CLANG_WARN_OBJC_LITERAL_CONVERSION = YES;
				CLANG_WARN_OBJC_ROOT_CLASS = YES_ERROR;
				CLANG_WARN_QUOTED_INCLUDE_IN_FRAMEWORK_HEADER = YES;
				CLANG_WARN_RANGE_LOOP_ANALYSIS = YES;
				CLANG_WARN_STRICT_PROTOTYPES = YES;
				CLANG_WARN_SUSPICIOUS_MOVE = YES;
				CLANG_WARN_UNGUARDED_AVAILABILITY = YES_AGGRESSIVE;
				CLANG_WARN_UNREACHABLE_CODE = YES;
				CLANG_WARN__DUPLICATE_METHOD_MATCH = YES;
				COPY_PHASE_STRIP = NO;
				DEBUG_INFORMATION_FORMAT = "dwarf-with-dsym";
				ENABLE_NS_ASSERTIONS = NO;
				ENABLE_STRICT_OBJC_MSGSEND = YES;
				ENABLE_USER_SCRIPT_SANDBOXING = YES;
				GCC_C_LANGUAGE_STANDARD = gnu17;
				GCC_NO_COMMON_BLOCKS = YES;
				GCC_WARN_64_TO_32_BIT_CONVERSION = YES;
				GCC_WARN_ABOUT_RETURN_TYPE = YES_ERROR;
				GCC_WARN_UNDECLARED_SELECTOR = YES;
				GCC_WARN_UNINITIALIZED_AUTOS = YES_AGGRESSIVE;
				GCC_WARN_UNUSED_FUNCTION = YES;
				GCC_WARN_UNUSED_VARIABLE = YES;
				LOCALIZATION_PREFERS_STRING_CATALOGS = YES;
				MACOSX_DEPLOYMENT_TARGET = 14.0;
				MTL_ENABLE_DEBUG_INFO = NO;
				MTL_FAST_MATH = YES;
				SDKROOT = macosx;
				SWIFT_COMPILATION_MODE = wholemodule;
			};
			name = Release;
		};
		C3E8FB4A2B26B387003A7333 /* Debug */ = {
			isa = XCBuildConfiguration;
			buildSettings = {
				CODE_SIGN_STYLE = Automatic;
				DEVELOPMENT_TEAM = UF3R52LYV7;
				ENABLE_HARDENED_RUNTIME = YES;
				PRODUCT_NAME = "$(TARGET_NAME)";
				SWIFT_VERSION = 5.0;
			};
			name = Debug;
		};
		C3E8FB4B2B26B387003A7333 /* Release */ = {
			isa = XCBuildConfiguration;
			buildSettings = {
				CODE_SIGN_STYLE = Automatic;
				DEVELOPMENT_TEAM = UF3R52LYV7;
				ENABLE_HARDENED_RUNTIME = YES;
				PRODUCT_NAME = "$(TARGET_NAME)";
				SWIFT_VERSION = 5.0;
			};
			name = Release;
		};
/* End XCBuildConfiguration section */

/* Begin XCConfigurationList section */
		C3E8FB3D2B26B387003A7333 /* Build configuration list for PBXProject "CodingTest" */ = {
			isa = XCConfigurationList;
			buildConfigurations = (
				C3E8FB472B26B387003A7333 /* Debug */,
				C3E8FB482B26B387003A7333 /* Release */,
			);
			defaultConfigurationIsVisible = 0;
			defaultConfigurationName = Release;
		};
		C3E8FB492B26B387003A7333 /* Build configuration list for PBXNativeTarget "CodingTest" */ = {
			isa = XCConfigurationList;
			buildConfigurations = (
				C3E8FB4A2B26B387003A7333 /* Debug */,
				C3E8FB4B2B26B387003A7333 /* Release */,
			);
			defaultConfigurationIsVisible = 0;
			defaultConfigurationName = Release;
		};
/* End XCConfigurationList section */
	};
	rootObject = C3E8FB3A2B26B387003A7333 /* Project object */;
}
